// !$*UTF8*$!
{
	archiveVersion = 1;
	classes = {
	};
	objectVersion = 55;
	objects = {

/* Begin PBXBuildFile section */
		5E75C6F22839280E003C7873 /* Tests_iOS.swift in Sources */ = {isa = PBXBuildFile; fileRef = 5E75C6F12839280E003C7873 /* Tests_iOS.swift */; };
		5E75C6F42839280E003C7873 /* Tests_iOSLaunchTests.swift in Sources */ = {isa = PBXBuildFile; fileRef = 5E75C6F32839280E003C7873 /* Tests_iOSLaunchTests.swift */; };
		5E75C6FE2839280E003C7873 /* Tests_macOS.swift in Sources */ = {isa = PBXBuildFile; fileRef = 5E75C6FD2839280E003C7873 /* Tests_macOS.swift */; };
		5E75C7002839280E003C7873 /* Tests_macOSLaunchTests.swift in Sources */ = {isa = PBXBuildFile; fileRef = 5E75C6FF2839280E003C7873 /* Tests_macOSLaunchTests.swift */; };
		5E75C7012839280E003C7873 /* GithubActionsiOSApp.swift in Sources */ = {isa = PBXBuildFile; fileRef = 5E75C6D92839280D003C7873 /* GithubActionsiOSApp.swift */; };
		5E75C7022839280E003C7873 /* GithubActionsiOSApp.swift in Sources */ = {isa = PBXBuildFile; fileRef = 5E75C6D92839280D003C7873 /* GithubActionsiOSApp.swift */; };
		5E75C7032839280E003C7873 /* ContentView.swift in Sources */ = {isa = PBXBuildFile; fileRef = 5E75C6DA2839280D003C7873 /* ContentView.swift */; };
		5E75C7042839280E003C7873 /* ContentView.swift in Sources */ = {isa = PBXBuildFile; fileRef = 5E75C6DA2839280D003C7873 /* ContentView.swift */; };
		5E75C7052839280E003C7873 /* Assets.xcassets in Resources */ = {isa = PBXBuildFile; fileRef = 5E75C6DB2839280E003C7873 /* Assets.xcassets */; };
		5E75C7062839280E003C7873 /* Assets.xcassets in Resources */ = {isa = PBXBuildFile; fileRef = 5E75C6DB2839280E003C7873 /* Assets.xcassets */; };
/* End PBXBuildFile section */

/* Begin PBXContainerItemProxy section */
		5E75C6EE2839280E003C7873 /* PBXContainerItemProxy */ = {
			isa = PBXContainerItemProxy;
			containerPortal = 5E75C6D42839280D003C7873 /* Project object */;
			proxyType = 1;
			remoteGlobalIDString = 5E75C6DF2839280E003C7873;
			remoteInfo = "GithubActionsiOS (iOS)";
		};
		5E75C6FA2839280E003C7873 /* PBXContainerItemProxy */ = {
			isa = PBXContainerItemProxy;
			containerPortal = 5E75C6D42839280D003C7873 /* Project object */;
			proxyType = 1;
			remoteGlobalIDString = 5E75C6E52839280E003C7873;
			remoteInfo = "GithubActionsiOS (macOS)";
		};
/* End PBXContainerItemProxy section */

/* Begin PBXFileReference section */
		5E75C6D92839280D003C7873 /* GithubActionsiOSApp.swift */ = {isa = PBXFileReference; lastKnownFileType = sourcecode.swift; path = GithubActionsiOSApp.swift; sourceTree = "<group>"; };
		5E75C6DA2839280D003C7873 /* ContentView.swift */ = {isa = PBXFileReference; lastKnownFileType = sourcecode.swift; path = ContentView.swift; sourceTree = "<group>"; };
		5E75C6DB2839280E003C7873 /* Assets.xcassets */ = {isa = PBXFileReference; lastKnownFileType = folder.assetcatalog; path = Assets.xcassets; sourceTree = "<group>"; };
		5E75C6E02839280E003C7873 /* GithubActionsiOS.app */ = {isa = PBXFileReference; explicitFileType = wrapper.application; includeInIndex = 0; path = GithubActionsiOS.app; sourceTree = BUILT_PRODUCTS_DIR; };
		5E75C6E62839280E003C7873 /* GithubActionsiOS.app */ = {isa = PBXFileReference; explicitFileType = wrapper.application; includeInIndex = 0; path = GithubActionsiOS.app; sourceTree = BUILT_PRODUCTS_DIR; };
		5E75C6E82839280E003C7873 /* macOS.entitlements */ = {isa = PBXFileReference; lastKnownFileType = text.plist.entitlements; path = macOS.entitlements; sourceTree = "<group>"; };
		5E75C6ED2839280E003C7873 /* Tests iOS.xctest */ = {isa = PBXFileReference; explicitFileType = wrapper.cfbundle; includeInIndex = 0; path = "Tests iOS.xctest"; sourceTree = BUILT_PRODUCTS_DIR; };
		5E75C6F12839280E003C7873 /* Tests_iOS.swift */ = {isa = PBXFileReference; lastKnownFileType = sourcecode.swift; path = Tests_iOS.swift; sourceTree = "<group>"; };
		5E75C6F32839280E003C7873 /* Tests_iOSLaunchTests.swift */ = {isa = PBXFileReference; lastKnownFileType = sourcecode.swift; path = Tests_iOSLaunchTests.swift; sourceTree = "<group>"; };
		5E75C6F92839280E003C7873 /* Tests macOS.xctest */ = {isa = PBXFileReference; explicitFileType = wrapper.cfbundle; includeInIndex = 0; path = "Tests macOS.xctest"; sourceTree = BUILT_PRODUCTS_DIR; };
		5E75C6FD2839280E003C7873 /* Tests_macOS.swift */ = {isa = PBXFileReference; lastKnownFileType = sourcecode.swift; path = Tests_macOS.swift; sourceTree = "<group>"; };
		5E75C6FF2839280E003C7873 /* Tests_macOSLaunchTests.swift */ = {isa = PBXFileReference; lastKnownFileType = sourcecode.swift; path = Tests_macOSLaunchTests.swift; sourceTree = "<group>"; };
/* End PBXFileReference section */

/* Begin PBXFrameworksBuildPhase section */
		5E75C6DD2839280E003C7873 /* Frameworks */ = {
			isa = PBXFrameworksBuildPhase;
			buildActionMask = 2147483647;
			files = (
			);
			runOnlyForDeploymentPostprocessing = 0;
		};
		5E75C6E32839280E003C7873 /* Frameworks */ = {
			isa = PBXFrameworksBuildPhase;
			buildActionMask = 2147483647;
			files = (
			);
			runOnlyForDeploymentPostprocessing = 0;
		};
		5E75C6EA2839280E003C7873 /* Frameworks */ = {
			isa = PBXFrameworksBuildPhase;
			buildActionMask = 2147483647;
			files = (
			);
			runOnlyForDeploymentPostprocessing = 0;
		};
		5E75C6F62839280E003C7873 /* Frameworks */ = {
			isa = PBXFrameworksBuildPhase;
			buildActionMask = 2147483647;
			files = (
			);
			runOnlyForDeploymentPostprocessing = 0;
		};
/* End PBXFrameworksBuildPhase section */

/* Begin PBXGroup section */
		5E75C6D32839280D003C7873 = {
			isa = PBXGroup;
			children = (
				5E75C6D82839280D003C7873 /* Shared */,
				5E75C6E72839280E003C7873 /* macOS */,
				5E75C6F02839280E003C7873 /* Tests iOS */,
				5E75C6FC2839280E003C7873 /* Tests macOS */,
				5E75C6E12839280E003C7873 /* Products */,
			);
			sourceTree = "<group>";
		};
		5E75C6D82839280D003C7873 /* Shared */ = {
			isa = PBXGroup;
			children = (
				5E75C6D92839280D003C7873 /* GithubActionsiOSApp.swift */,
				5E75C6DA2839280D003C7873 /* ContentView.swift */,
				5E75C6DB2839280E003C7873 /* Assets.xcassets */,
			);
			path = Shared;
			sourceTree = "<group>";
		};
		5E75C6E12839280E003C7873 /* Products */ = {
			isa = PBXGroup;
			children = (
				5E75C6E02839280E003C7873 /* GithubActionsiOS.app */,
				5E75C6E62839280E003C7873 /* GithubActionsiOS.app */,
				5E75C6ED2839280E003C7873 /* Tests iOS.xctest */,
				5E75C6F92839280E003C7873 /* Tests macOS.xctest */,
			);
			name = Products;
			sourceTree = "<group>";
		};
		5E75C6E72839280E003C7873 /* macOS */ = {
			isa = PBXGroup;
			children = (
				5E75C6E82839280E003C7873 /* macOS.entitlements */,
			);
			path = macOS;
			sourceTree = "<group>";
		};
		5E75C6F02839280E003C7873 /* Tests iOS */ = {
			isa = PBXGroup;
			children = (
				5E75C6F12839280E003C7873 /* Tests_iOS.swift */,
				5E75C6F32839280E003C7873 /* Tests_iOSLaunchTests.swift */,
			);
			path = "Tests iOS";
			sourceTree = "<group>";
		};
		5E75C6FC2839280E003C7873 /* Tests macOS */ = {
			isa = PBXGroup;
			children = (
				5E75C6FD2839280E003C7873 /* Tests_macOS.swift */,
				5E75C6FF2839280E003C7873 /* Tests_macOSLaunchTests.swift */,
			);
			path = "Tests macOS";
			sourceTree = "<group>";
		};
/* End PBXGroup section */

/* Begin PBXNativeTarget section */
		5E75C6DF2839280E003C7873 /* GithubActionsiOS (iOS) */ = {
			isa = PBXNativeTarget;
			buildConfigurationList = 5E75C7092839280E003C7873 /* Build configuration list for PBXNativeTarget "GithubActionsiOS (iOS)" */;
			buildPhases = (
				5E75C6DC2839280E003C7873 /* Sources */,
				5E75C6DD2839280E003C7873 /* Frameworks */,
				5E75C6DE2839280E003C7873 /* Resources */,
			);
			buildRules = (
			);
			dependencies = (
			);
			name = "GithubActionsiOS (iOS)";
			productName = "GithubActionsiOS (iOS)";
			productReference = 5E75C6E02839280E003C7873 /* GithubActionsiOS.app */;
			productType = "com.apple.product-type.application";
		};
		5E75C6E52839280E003C7873 /* GithubActionsiOS (macOS) */ = {
			isa = PBXNativeTarget;
			buildConfigurationList = 5E75C70C2839280E003C7873 /* Build configuration list for PBXNativeTarget "GithubActionsiOS (macOS)" */;
			buildPhases = (
				5E75C6E22839280E003C7873 /* Sources */,
				5E75C6E32839280E003C7873 /* Frameworks */,
				5E75C6E42839280E003C7873 /* Resources */,
			);
			buildRules = (
			);
			dependencies = (
			);
			name = "GithubActionsiOS (macOS)";
			productName = "GithubActionsiOS (macOS)";
			productReference = 5E75C6E62839280E003C7873 /* GithubActionsiOS.app */;
			productType = "com.apple.product-type.application";
		};
		5E75C6EC2839280E003C7873 /* Tests iOS */ = {
			isa = PBXNativeTarget;
			buildConfigurationList = 5E75C70F2839280E003C7873 /* Build configuration list for PBXNativeTarget "Tests iOS" */;
			buildPhases = (
				5E75C6E92839280E003C7873 /* Sources */,
				5E75C6EA2839280E003C7873 /* Frameworks */,
				5E75C6EB2839280E003C7873 /* Resources */,
			);
			buildRules = (
			);
			dependencies = (
				5E75C6EF2839280E003C7873 /* PBXTargetDependency */,
			);
			name = "Tests iOS";
			productName = "Tests iOS";
			productReference = 5E75C6ED2839280E003C7873 /* Tests iOS.xctest */;
			productType = "com.apple.product-type.bundle.ui-testing";
		};
		5E75C6F82839280E003C7873 /* Tests macOS */ = {
			isa = PBXNativeTarget;
			buildConfigurationList = 5E75C7122839280E003C7873 /* Build configuration list for PBXNativeTarget "Tests macOS" */;
			buildPhases = (
				5E75C6F52839280E003C7873 /* Sources */,
				5E75C6F62839280E003C7873 /* Frameworks */,
				5E75C6F72839280E003C7873 /* Resources */,
			);
			buildRules = (
			);
			dependencies = (
				5E75C6FB2839280E003C7873 /* PBXTargetDependency */,
			);
			name = "Tests macOS";
			productName = "Tests macOS";
			productReference = 5E75C6F92839280E003C7873 /* Tests macOS.xctest */;
			productType = "com.apple.product-type.bundle.ui-testing";
		};
/* End PBXNativeTarget section */

/* Begin PBXProject section */
		5E75C6D42839280D003C7873 /* Project object */ = {
			isa = PBXProject;
			attributes = {
				BuildIndependentTargetsInParallel = 1;
				LastSwiftUpdateCheck = 1330;
				LastUpgradeCheck = 1330;
				TargetAttributes = {
					5E75C6DF2839280E003C7873 = {
						CreatedOnToolsVersion = 13.3.1;
					};
					5E75C6E52839280E003C7873 = {
						CreatedOnToolsVersion = 13.3.1;
					};
					5E75C6EC2839280E003C7873 = {
						CreatedOnToolsVersion = 13.3.1;
						TestTargetID = 5E75C6DF2839280E003C7873;
					};
					5E75C6F82839280E003C7873 = {
						CreatedOnToolsVersion = 13.3.1;
						TestTargetID = 5E75C6E52839280E003C7873;
					};
				};
			};
			buildConfigurationList = 5E75C6D72839280D003C7873 /* Build configuration list for PBXProject "GithubActionsiOS" */;
			compatibilityVersion = "Xcode 13.0";
			developmentRegion = en;
			hasScannedForEncodings = 0;
			knownRegions = (
				en,
				Base,
			);
			mainGroup = 5E75C6D32839280D003C7873;
			productRefGroup = 5E75C6E12839280E003C7873 /* Products */;
			projectDirPath = "";
			projectRoot = "";
			targets = (
				5E75C6DF2839280E003C7873 /* GithubActionsiOS (iOS) */,
				5E75C6E52839280E003C7873 /* GithubActionsiOS (macOS) */,
				5E75C6EC2839280E003C7873 /* Tests iOS */,
				5E75C6F82839280E003C7873 /* Tests macOS */,
			);
		};
/* End PBXProject section */

/* Begin PBXResourcesBuildPhase section */
		5E75C6DE2839280E003C7873 /* Resources */ = {
			isa = PBXResourcesBuildPhase;
			buildActionMask = 2147483647;
			files = (
				5E75C7052839280E003C7873 /* Assets.xcassets in Resources */,
			);
			runOnlyForDeploymentPostprocessing = 0;
		};
		5E75C6E42839280E003C7873 /* Resources */ = {
			isa = PBXResourcesBuildPhase;
			buildActionMask = 2147483647;
			files = (
				5E75C7062839280E003C7873 /* Assets.xcassets in Resources */,
			);
			runOnlyForDeploymentPostprocessing = 0;
		};
		5E75C6EB2839280E003C7873 /* Resources */ = {
			isa = PBXResourcesBuildPhase;
			buildActionMask = 2147483647;
			files = (
			);
			runOnlyForDeploymentPostprocessing = 0;
		};
		5E75C6F72839280E003C7873 /* Resources */ = {
			isa = PBXResourcesBuildPhase;
			buildActionMask = 2147483647;
			files = (
			);
			runOnlyForDeploymentPostprocessing = 0;
		};
/* End PBXResourcesBuildPhase section */

/* Begin PBXSourcesBuildPhase section */
		5E75C6DC2839280E003C7873 /* Sources */ = {
			isa = PBXSourcesBuildPhase;
			buildActionMask = 2147483647;
			files = (
				5E75C7032839280E003C7873 /* ContentView.swift in Sources */,
				5E75C7012839280E003C7873 /* GithubActionsiOSApp.swift in Sources */,
			);
			runOnlyForDeploymentPostprocessing = 0;
		};
		5E75C6E22839280E003C7873 /* Sources */ = {
			isa = PBXSourcesBuildPhase;
			buildActionMask = 2147483647;
			files = (
				5E75C7042839280E003C7873 /* ContentView.swift in Sources */,
				5E75C7022839280E003C7873 /* GithubActionsiOSApp.swift in Sources */,
			);
			runOnlyForDeploymentPostprocessing = 0;
		};
		5E75C6E92839280E003C7873 /* Sources */ = {
			isa = PBXSourcesBuildPhase;
			buildActionMask = 2147483647;
			files = (
				5E75C6F42839280E003C7873 /* Tests_iOSLaunchTests.swift in Sources */,
				5E75C6F22839280E003C7873 /* Tests_iOS.swift in Sources */,
			);
			runOnlyForDeploymentPostprocessing = 0;
		};
		5E75C6F52839280E003C7873 /* Sources */ = {
			isa = PBXSourcesBuildPhase;
			buildActionMask = 2147483647;
			files = (
				5E75C7002839280E003C7873 /* Tests_macOSLaunchTests.swift in Sources */,
				5E75C6FE2839280E003C7873 /* Tests_macOS.swift in Sources */,
			);
			runOnlyForDeploymentPostprocessing = 0;
		};
/* End PBXSourcesBuildPhase section */

/* Begin PBXTargetDependency section */
		5E75C6EF2839280E003C7873 /* PBXTargetDependency */ = {
			isa = PBXTargetDependency;
			target = 5E75C6DF2839280E003C7873 /* GithubActionsiOS (iOS) */;
			targetProxy = 5E75C6EE2839280E003C7873 /* PBXContainerItemProxy */;
		};
		5E75C6FB2839280E003C7873 /* PBXTargetDependency */ = {
			isa = PBXTargetDependency;
			target = 5E75C6E52839280E003C7873 /* GithubActionsiOS (macOS) */;
			targetProxy = 5E75C6FA2839280E003C7873 /* PBXContainerItemProxy */;
		};
/* End PBXTargetDependency section */

/* Begin XCBuildConfiguration section */
		5E75C7072839280E003C7873 /* Debug */ = {
			isa = XCBuildConfiguration;
			buildSettings = {
				ALWAYS_SEARCH_USER_PATHS = NO;
				CLANG_ANALYZER_NONNULL = YES;
				CLANG_ANALYZER_NUMBER_OBJECT_CONVERSION = YES_AGGRESSIVE;
				CLANG_CXX_LANGUAGE_STANDARD = "gnu++17";
				CLANG_ENABLE_MODULES = YES;
				CLANG_ENABLE_OBJC_ARC = YES;
				CLANG_ENABLE_OBJC_WEAK = YES;
				CLANG_WARN_BLOCK_CAPTURE_AUTORELEASING = YES;
				CLANG_WARN_BOOL_CONVERSION = YES;
				CLANG_WARN_COMMA = YES;
				CLANG_WARN_CONSTANT_CONVERSION = YES;
				CLANG_WARN_DEPRECATED_OBJC_IMPLEMENTATIONS = YES;
				CLANG_WARN_DIRECT_OBJC_ISA_USAGE = YES_ERROR;
				CLANG_WARN_DOCUMENTATION_COMMENTS = YES;
				CLANG_WARN_EMPTY_BODY = YES;
				CLANG_WARN_ENUM_CONVERSION = YES;
				CLANG_WARN_INFINITE_RECURSION = YES;
				CLANG_WARN_INT_CONVERSION = YES;
				CLANG_WARN_NON_LITERAL_NULL_CONVERSION = YES;
				CLANG_WARN_OBJC_IMPLICIT_RETAIN_SELF = YES;
				CLANG_WARN_OBJC_LITERAL_CONVERSION = YES;
				CLANG_WARN_OBJC_ROOT_CLASS = YES_ERROR;
				CLANG_WARN_QUOTED_INCLUDE_IN_FRAMEWORK_HEADER = YES;
				CLANG_WARN_RANGE_LOOP_ANALYSIS = YES;
				CLANG_WARN_STRICT_PROTOTYPES = YES;
				CLANG_WARN_SUSPICIOUS_MOVE = YES;
				CLANG_WARN_UNGUARDED_AVAILABILITY = YES_AGGRESSIVE;
				CLANG_WARN_UNREACHABLE_CODE = YES;
				CLANG_WARN__DUPLICATE_METHOD_MATCH = YES;
				COPY_PHASE_STRIP = NO;
				DEBUG_INFORMATION_FORMAT = dwarf;
				ENABLE_STRICT_OBJC_MSGSEND = YES;
				ENABLE_TESTABILITY = YES;
				GCC_C_LANGUAGE_STANDARD = gnu11;
				GCC_DYNAMIC_NO_PIC = NO;
				GCC_NO_COMMON_BLOCKS = YES;
				GCC_OPTIMIZATION_LEVEL = 0;
				GCC_PREPROCESSOR_DEFINITIONS = (
					"DEBUG=1",
					"$(inherited)",
				);
				GCC_WARN_64_TO_32_BIT_CONVERSION = YES;
				GCC_WARN_ABOUT_RETURN_TYPE = YES_ERROR;
				GCC_WARN_UNDECLARED_SELECTOR = YES;
				GCC_WARN_UNINITIALIZED_AUTOS = YES_AGGRESSIVE;
				GCC_WARN_UNUSED_FUNCTION = YES;
				GCC_WARN_UNUSED_VARIABLE = YES;
				MTL_ENABLE_DEBUG_INFO = INCLUDE_SOURCE;
				MTL_FAST_MATH = YES;
				ONLY_ACTIVE_ARCH = YES;
				SWIFT_ACTIVE_COMPILATION_CONDITIONS = DEBUG;
				SWIFT_OPTIMIZATION_LEVEL = "-Onone";
			};
			name = Debug;
		};
		5E75C7082839280E003C7873 /* Release */ = {
			isa = XCBuildConfiguration;
			buildSettings = {
				ALWAYS_SEARCH_USER_PATHS = NO;
				CLANG_ANALYZER_NONNULL = YES;
				CLANG_ANALYZER_NUMBER_OBJECT_CONVERSION = YES_AGGRESSIVE;
				CLANG_CXX_LANGUAGE_STANDARD = "gnu++17";
				CLANG_ENABLE_MODULES = YES;
				CLANG_ENABLE_OBJC_ARC = YES;
				CLANG_ENABLE_OBJC_WEAK = YES;
				CLANG_WARN_BLOCK_CAPTURE_AUTORELEASING = YES;
				CLANG_WARN_BOOL_CONVERSION = YES;
				CLANG_WARN_COMMA = YES;
				CLANG_WARN_CONSTANT_CONVERSION = YES;
				CLANG_WARN_DEPRECATED_OBJC_IMPLEMENTATIONS = YES;
				CLANG_WARN_DIRECT_OBJC_ISA_USAGE = YES_ERROR;
				CLANG_WARN_DOCUMENTATION_COMMENTS = YES;
				CLANG_WARN_EMPTY_BODY = YES;
				CLANG_WARN_ENUM_CONVERSION = YES;
				CLANG_WARN_INFINITE_RECURSION = YES;
				CLANG_WARN_INT_CONVERSION = YES;
				CLANG_WARN_NON_LITERAL_NULL_CONVERSION = YES;
				CLANG_WARN_OBJC_IMPLICIT_RETAIN_SELF = YES;
				CLANG_WARN_OBJC_LITERAL_CONVERSION = YES;
				CLANG_WARN_OBJC_ROOT_CLASS = YES_ERROR;
				CLANG_WARN_QUOTED_INCLUDE_IN_FRAMEWORK_HEADER = YES;
				CLANG_WARN_RANGE_LOOP_ANALYSIS = YES;
				CLANG_WARN_STRICT_PROTOTYPES = YES;
				CLANG_WARN_SUSPICIOUS_MOVE = YES;
				CLANG_WARN_UNGUARDED_AVAILABILITY = YES_AGGRESSIVE;
				CLANG_WARN_UNREACHABLE_CODE = YES;
				CLANG_WARN__DUPLICATE_METHOD_MATCH = YES;
				COPY_PHASE_STRIP = NO;
				DEBUG_INFORMATION_FORMAT = "dwarf-with-dsym";
				ENABLE_NS_ASSERTIONS = NO;
				ENABLE_STRICT_OBJC_MSGSEND = YES;
				GCC_C_LANGUAGE_STANDARD = gnu11;
				GCC_NO_COMMON_BLOCKS = YES;
				GCC_WARN_64_TO_32_BIT_CONVERSION = YES;
				GCC_WARN_ABOUT_RETURN_TYPE = YES_ERROR;
				GCC_WARN_UNDECLARED_SELECTOR = YES;
				GCC_WARN_UNINITIALIZED_AUTOS = YES_AGGRESSIVE;
				GCC_WARN_UNUSED_FUNCTION = YES;
				GCC_WARN_UNUSED_VARIABLE = YES;
				MTL_ENABLE_DEBUG_INFO = NO;
				MTL_FAST_MATH = YES;
				SWIFT_COMPILATION_MODE = wholemodule;
				SWIFT_OPTIMIZATION_LEVEL = "-O";
			};
			name = Release;
		};
		5E75C70A2839280E003C7873 /* Debug */ = {
			isa = XCBuildConfiguration;
			buildSettings = {
				ASSETCATALOG_COMPILER_APPICON_NAME = AppIcon;
				ASSETCATALOG_COMPILER_GLOBAL_ACCENT_COLOR_NAME = AccentColor;
				CODE_SIGN_STYLE = Automatic;
				CURRENT_PROJECT_VERSION = 1;
				DEVELOPMENT_TEAM = 62TM9F73ME;
				ENABLE_PREVIEWS = YES;
				GENERATE_INFOPLIST_FILE = YES;
				INFOPLIST_KEY_UIApplicationSceneManifest_Generation = YES;
				INFOPLIST_KEY_UIApplicationSupportsIndirectInputEvents = YES;
				INFOPLIST_KEY_UILaunchScreen_Generation = YES;
				INFOPLIST_KEY_UISupportedInterfaceOrientations_iPad = "UIInterfaceOrientationPortrait UIInterfaceOrientationPortraitUpsideDown UIInterfaceOrientationLandscapeLeft UIInterfaceOrientationLandscapeRight";
				INFOPLIST_KEY_UISupportedInterfaceOrientations_iPhone = "UIInterfaceOrientationPortrait UIInterfaceOrientationLandscapeLeft UIInterfaceOrientationLandscapeRight";
				IPHONEOS_DEPLOYMENT_TARGET = 15.4;
				LD_RUNPATH_SEARCH_PATHS = (
					"$(inherited)",
					"@executable_path/Frameworks",
				);
				MARKETING_VERSION = 1.0;
				PRODUCT_BUNDLE_IDENTIFIER = com.drizzleinc.GithubActionsiOS;
				PRODUCT_NAME = GithubActionsiOS;
				SDKROOT = iphoneos;
				SWIFT_EMIT_LOC_STRINGS = YES;
				SWIFT_VERSION = 5.0;
				TARGETED_DEVICE_FAMILY = "1,2";
			};
			name = Debug;
		};
		5E75C70B2839280E003C7873 /* Release */ = {
			isa = XCBuildConfiguration;
			buildSettings = {
				ASSETCATALOG_COMPILER_APPICON_NAME = AppIcon;
				ASSETCATALOG_COMPILER_GLOBAL_ACCENT_COLOR_NAME = AccentColor;
				CODE_SIGN_STYLE = Automatic;
				CURRENT_PROJECT_VERSION = 1;
				DEVELOPMENT_TEAM = 62TM9F73ME;
				ENABLE_PREVIEWS = YES;
				GENERATE_INFOPLIST_FILE = YES;
				INFOPLIST_KEY_UIApplicationSceneManifest_Generation = YES;
				INFOPLIST_KEY_UIApplicationSupportsIndirectInputEvents = YES;
				INFOPLIST_KEY_UILaunchScreen_Generation = YES;
				INFOPLIST_KEY_UISupportedInterfaceOrientations_iPad = "UIInterfaceOrientationPortrait UIInterfaceOrientationPortraitUpsideDown UIInterfaceOrientationLandscapeLeft UIInterfaceOrientationLandscapeRight";
				INFOPLIST_KEY_UISupportedInterfaceOrientations_iPhone = "UIInterfaceOrientationPortrait UIInterfaceOrientationLandscapeLeft UIInterfaceOrientationLandscapeRight";
				IPHONEOS_DEPLOYMENT_TARGET = 15.4;
				LD_RUNPATH_SEARCH_PATHS = (
					"$(inherited)",
					"@executable_path/Frameworks",
				);
				MARKETING_VERSION = 1.0;
				PRODUCT_BUNDLE_IDENTIFIER = com.drizzleinc.GithubActionsiOS;
				PRODUCT_NAME = GithubActionsiOS;
				SDKROOT = iphoneos;
				SWIFT_EMIT_LOC_STRINGS = YES;
				SWIFT_VERSION = 5.0;
				TARGETED_DEVICE_FAMILY = "1,2";
				VALIDATE_PRODUCT = YES;
			};
			name = Release;
		};
		5E75C70D2839280E003C7873 /* Debug */ = {
			isa = XCBuildConfiguration;
			buildSettings = {
				ASSETCATALOG_COMPILER_APPICON_NAME = AppIcon;
				ASSETCATALOG_COMPILER_GLOBAL_ACCENT_COLOR_NAME = AccentColor;
				CODE_SIGN_ENTITLEMENTS = macOS/macOS.entitlements;
				CODE_SIGN_STYLE = Automatic;
				COMBINE_HIDPI_IMAGES = YES;
				CURRENT_PROJECT_VERSION = 1;
				DEVELOPMENT_TEAM = 62TM9F73ME;
				ENABLE_HARDENED_RUNTIME = YES;
				ENABLE_PREVIEWS = YES;
				GENERATE_INFOPLIST_FILE = YES;
				INFOPLIST_KEY_NSHumanReadableCopyright = "";
				LD_RUNPATH_SEARCH_PATHS = (
					"$(inherited)",
					"@executable_path/../Frameworks",
				);
				MACOSX_DEPLOYMENT_TARGET = 12.0;
				MARKETING_VERSION = 1.0;
				PRODUCT_BUNDLE_IDENTIFIER = com.drizzleinc.GithubActionsiOS;
				PRODUCT_NAME = GithubActionsiOS;
				SDKROOT = macosx;
				SWIFT_EMIT_LOC_STRINGS = YES;
				SWIFT_VERSION = 5.0;
			};
			name = Debug;
		};
		5E75C70E2839280E003C7873 /* Release */ = {
			isa = XCBuildConfiguration;
			buildSettings = {
				ASSETCATALOG_COMPILER_APPICON_NAME = AppIcon;
				ASSETCATALOG_COMPILER_GLOBAL_ACCENT_COLOR_NAME = AccentColor;
				CODE_SIGN_ENTITLEMENTS = macOS/macOS.entitlements;
				CODE_SIGN_STYLE = Automatic;
				COMBINE_HIDPI_IMAGES = YES;
				CURRENT_PROJECT_VERSION = 1;
				DEVELOPMENT_TEAM = 62TM9F73ME;
				ENABLE_HARDENED_RUNTIME = YES;
				ENABLE_PREVIEWS = YES;
				GENERATE_INFOPLIST_FILE = YES;
				INFOPLIST_KEY_NSHumanReadableCopyright = "";
				LD_RUNPATH_SEARCH_PATHS = (
					"$(inherited)",
					"@executable_path/../Frameworks",
				);
				MACOSX_DEPLOYMENT_TARGET = 12.0;
				MARKETING_VERSION = 1.0;
				PRODUCT_BUNDLE_IDENTIFIER = com.drizzleinc.GithubActionsiOS;
				PRODUCT_NAME = GithubActionsiOS;
				SDKROOT = macosx;
				SWIFT_EMIT_LOC_STRINGS = YES;
				SWIFT_VERSION = 5.0;
			};
			name = Release;
		};
		5E75C7102839280E003C7873 /* Debug */ = {
			isa = XCBuildConfiguration;
			buildSettings = {
				ALWAYS_EMBED_SWIFT_STANDARD_LIBRARIES = YES;
				CODE_SIGN_STYLE = Automatic;
				CURRENT_PROJECT_VERSION = 1;
				DEVELOPMENT_TEAM = 62TM9F73ME;
				GENERATE_INFOPLIST_FILE = YES;
				IPHONEOS_DEPLOYMENT_TARGET = 15.4;
				MARKETING_VERSION = 1.0;
				PRODUCT_BUNDLE_IDENTIFIER = "com.drizzleinc.Tests-iOS";
				PRODUCT_NAME = "$(TARGET_NAME)";
				SDKROOT = iphoneos;
				SWIFT_EMIT_LOC_STRINGS = NO;
				SWIFT_VERSION = 5.0;
				TARGETED_DEVICE_FAMILY = "1,2";
				TEST_TARGET_NAME = "GithubActionsiOS (iOS)";
			};
			name = Debug;
		};
		5E75C7112839280E003C7873 /* Release */ = {
			isa = XCBuildConfiguration;
			buildSettings = {
				ALWAYS_EMBED_SWIFT_STANDARD_LIBRARIES = YES;
				CODE_SIGN_STYLE = Automatic;
				CURRENT_PROJECT_VERSION = 1;
				DEVELOPMENT_TEAM = 62TM9F73ME;
				GENERATE_INFOPLIST_FILE = YES;
				IPHONEOS_DEPLOYMENT_TARGET = 15.4;
				MARKETING_VERSION = 1.0;
				PRODUCT_BUNDLE_IDENTIFIER = "com.drizzleinc.Tests-iOS";
				PRODUCT_NAME = "$(TARGET_NAME)";
				SDKROOT = iphoneos;
				SWIFT_EMIT_LOC_STRINGS = NO;
				SWIFT_VERSION = 5.0;
				TARGETED_DEVICE_FAMILY = "1,2";
				TEST_TARGET_NAME = "GithubActionsiOS (iOS)";
				VALIDATE_PRODUCT = YES;
			};
			name = Release;
		};
		5E75C7132839280E003C7873 /* Debug */ = {
			isa = XCBuildConfiguration;
			buildSettings = {
				ALWAYS_EMBED_SWIFT_STANDARD_LIBRARIES = YES;
				CODE_SIGN_STYLE = Automatic;
				CURRENT_PROJECT_VERSION = 1;
				DEVELOPMENT_TEAM = 62TM9F73ME;
				GENERATE_INFOPLIST_FILE = YES;
				MACOSX_DEPLOYMENT_TARGET = 12.0;
				MARKETING_VERSION = 1.0;
				PRODUCT_BUNDLE_IDENTIFIER = "com.drizzleinc.Tests-macOS";
				PRODUCT_NAME = "$(TARGET_NAME)";
				SDKROOT = macosx;
				SWIFT_EMIT_LOC_STRINGS = NO;
				SWIFT_VERSION = 5.0;
				TEST_TARGET_NAME = "GithubActionsiOS (macOS)";
			};
			name = Debug;
		};
		5E75C7142839280E003C7873 /* Release */ = {
			isa = XCBuildConfiguration;
			buildSettings = {
				ALWAYS_EMBED_SWIFT_STANDARD_LIBRARIES = YES;
				CODE_SIGN_STYLE = Automatic;
				CURRENT_PROJECT_VERSION = 1;
				DEVELOPMENT_TEAM = 62TM9F73ME;
				GENERATE_INFOPLIST_FILE = YES;
				MACOSX_DEPLOYMENT_TARGET = 12.0;
				MARKETING_VERSION = 1.0;
				PRODUCT_BUNDLE_IDENTIFIER = "com.drizzleinc.Tests-macOS";
				PRODUCT_NAME = "$(TARGET_NAME)";
				SDKROOT = macosx;
				SWIFT_EMIT_LOC_STRINGS = NO;
				SWIFT_VERSION = 5.0;
				TEST_TARGET_NAME = "GithubActionsiOS (macOS)";
			};
			name = Release;
		};
/* End XCBuildConfiguration section */

/* Begin XCConfigurationList section */
		5E75C6D72839280D003C7873 /* Build configuration list for PBXProject "GithubActionsiOS" */ = {
			isa = XCConfigurationList;
			buildConfigurations = (
				5E75C7072839280E003C7873 /* Debug */,
				5E75C7082839280E003C7873 /* Release */,
			);
			defaultConfigurationIsVisible = 0;
			defaultConfigurationName = Release;
		};
		5E75C7092839280E003C7873 /* Build configuration list for PBXNativeTarget "GithubActionsiOS (iOS)" */ = {
			isa = XCConfigurationList;
			buildConfigurations = (
				5E75C70A2839280E003C7873 /* Debug */,
				5E75C70B2839280E003C7873 /* Release */,
			);
			defaultConfigurationIsVisible = 0;
			defaultConfigurationName = Release;
		};
		5E75C70C2839280E003C7873 /* Build configuration list for PBXNativeTarget "GithubActionsiOS (macOS)" */ = {
			isa = XCConfigurationList;
			buildConfigurations = (
				5E75C70D2839280E003C7873 /* Debug */,
				5E75C70E2839280E003C7873 /* Release */,
			);
			defaultConfigurationIsVisible = 0;
			defaultConfigurationName = Release;
		};
		5E75C70F2839280E003C7873 /* Build configuration list for PBXNativeTarget "Tests iOS" */ = {
			isa = XCConfigurationList;
			buildConfigurations = (
				5E75C7102839280E003C7873 /* Debug */,
				5E75C7112839280E003C7873 /* Release */,
			);
			defaultConfigurationIsVisible = 0;
			defaultConfigurationName = Release;
		};
		5E75C7122839280E003C7873 /* Build configuration list for PBXNativeTarget "Tests macOS" */ = {
			isa = XCConfigurationList;
			buildConfigurations = (
				5E75C7132839280E003C7873 /* Debug */,
				5E75C7142839280E003C7873 /* Release */,
			);
			defaultConfigurationIsVisible = 0;
			defaultConfigurationName = Release;
		};
/* End XCConfigurationList section */
	};
	rootObject = 5E75C6D42839280D003C7873 /* Project object */;
}
